{
  "requires": true,
  "lockfileVersion": 1,
  "dependencies": {
    "monaco-editor": {
      "version": "0.15.3",
      "resolved": "https://registry.npmjs.org/monaco-editor/-/monaco-editor-0.15.3.tgz",
      "integrity": "sha512-pQ+2KHgNqXxFeKn0/eNZh9m5BJ45Mt1zZ7FTrDJ9mHd6m2MfrGpPVKaNGmmmRPpVHfM4EBWpHma4LaaAE+XLVw=="
    }
  }
}
